
Microsoft Visual Studio Solution File, Format Version 12.00
# Visual Studio Version 17
VisualStudioVersion = 17.2.32630.192
MinimumVisualStudioVersion = 10.0.40219.1
Project("{9A19103F-16F7-4668-BE54-9A1E7A4F7556}") = "F10Y.L0030.Construction", "F10Y.L0030.Construction\F10Y.L0030.Construction.csproj", "{33F79B60-8DF2-4106-A2A7-C7353541B8F3}"
EndProject
Project("{9A19103F-16F7-4668-BE54-9A1E7A4F7556}") = "F10Y.L0030", "F10Y.L0030\F10Y.L0030.csproj", "{2F0EAD56-5B02-4B56-90B5-AB25577AAE32}"
EndProject
Global
	GlobalSection(SolutionConfigurationPlatforms) = preSolution
		Debug|Any CPU = Debug|Any CPU
		Release|Any CPU = Release|Any CPU
	EndGlobalSection
	GlobalSection(ProjectConfigurationPlatforms) = postSolution
		{33F79B60-8DF2-4106-A2A7-C7353541B8F3}.Debug|Any CPU.ActiveCfg = Debug|Any CPU
		{33F79B60-8DF2-4106-A2A7-C7353541B8F3}.Debug|Any CPU.Build.0 = Debug|Any CPU
		{33F79B60-8DF2-4106-A2A7-C7353541B8F3}.Release|Any CPU.ActiveCfg = Release|Any CPU
		{33F79B60-8DF2-4106-A2A7-C7353541B8F3}.Release|Any CPU.Build.0 = Release|Any CPU
		{2F0EAD56-5B02-4B56-90B5-AB25577AAE32}.Debug|Any CPU.ActiveCfg = Debug|Any CPU
		{2F0EAD56-5B02-4B56-90B5-AB25577AAE32}.Debug|Any CPU.Build.0 = Debug|Any CPU
		{2F0EAD56-5B02-4B56-90B5-AB25577AAE32}.Release|Any CPU.ActiveCfg = Release|Any CPU
		{2F0EAD56-5B02-4B56-90B5-AB25577AAE32}.Release|Any CPU.Build.0 = Release|Any CPU
	EndGlobalSection
	GlobalSection(SolutionProperties) = preSolution
		HideSolutionNode = FALSE
	EndGlobalSection
	GlobalSection(ExtensibilityGlobals) = postSolution
		SolutionGuid = {3F02A82F-8292-4401-BF3B-9E5BF742799C}
	EndGlobalSection
EndGlobal
