
Microsoft Visual Studio Solution File, Format Version 12.00
# Visual Studio Version 17
VisualStudioVersion = 17.2.32630.192
MinimumVisualStudioVersion = 10.0.40219.1
Project("{9A19103F-16F7-4668-BE54-9A1E7A4F7556}") = "F10Y.L0030.Construction", "F10Y.L0030.Construction\F10Y.L0030.Construction.csproj", "{33F79B60-8DF2-4106-A2A7-C7353541B8F3}"
EndProject
Project("{9A19103F-16F7-4668-BE54-9A1E7A4F7556}") = "F10Y.L0030", "F10Y.L0030\F10Y.L0030.csproj", "{2F0EAD56-5B02-4B56-90B5-AB25577AAE32}"
EndProject
Project("{9A19103F-16F7-4668-BE54-9A1E7A4F7556}") = "F10Y.L0030.Q000", "F10Y.L0030.Q000\F10Y.L0030.Q000.csproj", "{75C8C9D4-8B2D-492D-9918-073745E0F24F}"
EndProject
Project("{2150E333-8FDC-42A3-9474-1A3956D46DE8}") = "_Dependencies", "_Dependencies", "{BCACE53B-68BF-43F4-9786-1EC264B300B9}"
EndProject
Project("{9A19103F-16F7-4668-BE54-9A1E7A4F7556}") = "F10Y.L0000", "..\..\F10Y.L0000\source\F10Y.L0000\F10Y.L0000.csproj", "{D7F37111-B12C-4494-ACD9-5E6ED6DBC331}"
EndProject
Project("{9A19103F-16F7-4668-BE54-9A1E7A4F7556}") = "F10Y.T0000", "..\..\F10Y.T0000\source\F10Y.T0000\F10Y.T0000.csproj", "{2E0F36AD-3253-4169-ADE6-63DFA037FAB5}"
EndProject
Project("{9A19103F-16F7-4668-BE54-9A1E7A4F7556}") = "F10Y.T0001", "..\..\F10Y.T0001\source\F10Y.T0001\F10Y.T0001.csproj", "{837E4349-70D1-4C70-B450-7A9668CEB6DA}"
EndProject
Project("{9A19103F-16F7-4668-BE54-9A1E7A4F7556}") = "F10Y.T0002", "..\..\F10Y.T0002\source\F10Y.T0002\F10Y.T0002.csproj", "{0112F6CB-97B4-409E-AC2D-8EBD5DED74A4}"
EndProject
Project("{9A19103F-16F7-4668-BE54-9A1E7A4F7556}") = "F10Y.T0003", "..\..\F10Y.T0003\source\F10Y.T0003\F10Y.T0003.csproj", "{15182D55-9341-4C72-89C1-0A4853CB508B}"
EndProject
Project("{9A19103F-16F7-4668-BE54-9A1E7A4F7556}") = "F10Y.T0011", "..\..\F10Y.T0011\source\F10Y.T0011\F10Y.T0011.csproj", "{0E1EC228-8E6A-4BB3-BC0E-30F3A44B043E}"
EndProject
Project("{9A19103F-16F7-4668-BE54-9A1E7A4F7556}") = "F10Y.Y0000", "..\..\F10Y.Y0000\source\F10Y.Y0000\F10Y.Y0000.csproj", "{C886E60C-FC45-4649-B68D-B6FD17D4B766}"
EndProject
Project("{9A19103F-16F7-4668-BE54-9A1E7A4F7556}") = "F10Y.T0004", "..\..\F10Y.T0004\source\F10Y.T0004\F10Y.T0004.csproj", "{940C0657-4E76-47E1-97CD-57656858C928}"
EndProject
Project("{9A19103F-16F7-4668-BE54-9A1E7A4F7556}") = "F10Y.T0014.T001", "..\..\F10Y.T0014\source\F10Y.T0014.T001\F10Y.T0014.T001.csproj", "{4CE8D0B7-464A-408D-AAE7-FF7A510DC11F}"
EndProject
Project("{9A19103F-16F7-4668-BE54-9A1E7A4F7556}") = "F10Y.T0006", "..\..\F10Y.T0006\source\F10Y.T0006\F10Y.T0006.csproj", "{C9412EA8-13E7-4D80-A910-5D8C9EA2C442}"
EndProject
Project("{9A19103F-16F7-4668-BE54-9A1E7A4F7556}") = "F10Y.L0001.L000", "..\..\F10Y.L0001\source\F10Y.L0001.L000\F10Y.L0001.L000.csproj", "{6C7DC5A9-6A93-4A4F-A1BF-9CE6201AD1AF}"
EndProject
Project("{9A19103F-16F7-4668-BE54-9A1E7A4F7556}") = "F10Y.L0001.L001", "..\..\F10Y.L0001\source\F10Y.L0001.L001\F10Y.L0001.L001.csproj", "{D6AA7670-1EBD-4A55-85BC-391A2F386638}"
EndProject
Project("{9A19103F-16F7-4668-BE54-9A1E7A4F7556}") = "F10Y.L0001.L002", "..\..\F10Y.L0001\source\F10Y.L0001.L002\F10Y.L0001.L002.csproj", "{36187CE3-427A-4CB0-99F8-4833BA9493D3}"
EndProject
Project("{9A19103F-16F7-4668-BE54-9A1E7A4F7556}") = "F10Y.L0001.L003", "..\..\F10Y.L0001\source\F10Y.L0001.L003\F10Y.L0001.L003.csproj", "{7CB72E6B-3714-4BD5-9808-432DB093F3DF}"
EndProject
Project("{9A19103F-16F7-4668-BE54-9A1E7A4F7556}") = "F10Y.L0001.T000", "..\..\F10Y.L0001\source\F10Y.L0001.T000\F10Y.L0001.T000.csproj", "{ACD5137E-D32C-4C4F-A765-33D00BBB8DF4}"
EndProject
Project("{9A19103F-16F7-4668-BE54-9A1E7A4F7556}") = "F10Y.L0001.X000", "..\..\F10Y.L0001\source\F10Y.L0001.X000\F10Y.L0001.X000.csproj", "{E6FA3220-C139-4AD0-AFCD-71BBC98A7A46}"
EndProject
Project("{9A19103F-16F7-4668-BE54-9A1E7A4F7556}") = "F10Y.L0001.Z000", "..\..\F10Y.L0001\source\F10Y.L0001.Z000\F10Y.L0001.Z000.csproj", "{0F2496A6-F4BD-42F3-8AE5-B0B3296701AC}"
EndProject
Project("{9A19103F-16F7-4668-BE54-9A1E7A4F7556}") = "F10Y.L0001", "..\..\F10Y.L0001\source\F10Y.L0001\F10Y.L0001.csproj", "{D2DE8DB0-1F46-4913-8E21-2FD87833245D}"
EndProject
Project("{9A19103F-16F7-4668-BE54-9A1E7A4F7556}") = "F10Y.L0004.L000", "..\..\F10Y.L0004\source\F10Y.L0004.L000\F10Y.L0004.L000.csproj", "{1B063F8C-2547-4A57-9AED-BA836EB93EC9}"
EndProject
Project("{9A19103F-16F7-4668-BE54-9A1E7A4F7556}") = "F10Y.L0019", "..\..\F10Y.L0019\source\F10Y.L0019\F10Y.L0019.csproj", "{D08E6990-D3D9-4905-BF19-9D4A0E720998}"
EndProject
Project("{9A19103F-16F7-4668-BE54-9A1E7A4F7556}") = "F10Y.T0014.T002", "..\..\F10Y.T0014\source\F10Y.T0014.T002\F10Y.T0014.T002.csproj", "{D51652D9-BFB1-405C-971C-C09CAD585013}"
EndProject
Project("{2150E333-8FDC-42A3-9474-1A3956D46DE8}") = "Solution Items", "Solution Items", "{02EA681E-C7D8-13C7-8484-4AC65E1B71E8}"
	ProjectSection(SolutionItems) = preProject
		.editorconfig = .editorconfig
	EndProjectSection
EndProject
Project("{9A19103F-16F7-4668-BE54-9A1E7A4F7556}") = "F10Y.T0009", "..\..\F10Y.T0009\source\F10Y.T0009\F10Y.T0009.csproj", "{D50BCCF9-A99C-45CE-8B29-B01483167C69}"
EndProject
Global
	GlobalSection(SolutionConfigurationPlatforms) = preSolution
		Debug|Any CPU = Debug|Any CPU
		Release|Any CPU = Release|Any CPU
	EndGlobalSection
	GlobalSection(ProjectConfigurationPlatforms) = postSolution
		{33F79B60-8DF2-4106-A2A7-C7353541B8F3}.Debug|Any CPU.ActiveCfg = Debug|Any CPU
		{33F79B60-8DF2-4106-A2A7-C7353541B8F3}.Debug|Any CPU.Build.0 = Debug|Any CPU
		{33F79B60-8DF2-4106-A2A7-C7353541B8F3}.Release|Any CPU.ActiveCfg = Release|Any CPU
		{33F79B60-8DF2-4106-A2A7-C7353541B8F3}.Release|Any CPU.Build.0 = Release|Any CPU
		{2F0EAD56-5B02-4B56-90B5-AB25577AAE32}.Debug|Any CPU.ActiveCfg = Debug|Any CPU
		{2F0EAD56-5B02-4B56-90B5-AB25577AAE32}.Debug|Any CPU.Build.0 = Debug|Any CPU
		{2F0EAD56-5B02-4B56-90B5-AB25577AAE32}.Release|Any CPU.ActiveCfg = Release|Any CPU
		{2F0EAD56-5B02-4B56-90B5-AB25577AAE32}.Release|Any CPU.Build.0 = Release|Any CPU
		{75C8C9D4-8B2D-492D-9918-073745E0F24F}.Debug|Any CPU.ActiveCfg = Debug|Any CPU
		{75C8C9D4-8B2D-492D-9918-073745E0F24F}.Debug|Any CPU.Build.0 = Debug|Any CPU
		{75C8C9D4-8B2D-492D-9918-073745E0F24F}.Release|Any CPU.ActiveCfg = Release|Any CPU
		{75C8C9D4-8B2D-492D-9918-073745E0F24F}.Release|Any CPU.Build.0 = Release|Any CPU
		{D7F37111-B12C-4494-ACD9-5E6ED6DBC331}.Debug|Any CPU.ActiveCfg = Debug|Any CPU
		{D7F37111-B12C-4494-ACD9-5E6ED6DBC331}.Debug|Any CPU.Build.0 = Debug|Any CPU
		{D7F37111-B12C-4494-ACD9-5E6ED6DBC331}.Release|Any CPU.ActiveCfg = Release|Any CPU
		{D7F37111-B12C-4494-ACD9-5E6ED6DBC331}.Release|Any CPU.Build.0 = Release|Any CPU
		{2E0F36AD-3253-4169-ADE6-63DFA037FAB5}.Debug|Any CPU.ActiveCfg = Debug|Any CPU
		{2E0F36AD-3253-4169-ADE6-63DFA037FAB5}.Debug|Any CPU.Build.0 = Debug|Any CPU
		{2E0F36AD-3253-4169-ADE6-63DFA037FAB5}.Release|Any CPU.ActiveCfg = Release|Any CPU
		{2E0F36AD-3253-4169-ADE6-63DFA037FAB5}.Release|Any CPU.Build.0 = Release|Any CPU
		{837E4349-70D1-4C70-B450-7A9668CEB6DA}.Debug|Any CPU.ActiveCfg = Debug|Any CPU
		{837E4349-70D1-4C70-B450-7A9668CEB6DA}.Debug|Any CPU.Build.0 = Debug|Any CPU
		{837E4349-70D1-4C70-B450-7A9668CEB6DA}.Release|Any CPU.ActiveCfg = Release|Any CPU
		{837E4349-70D1-4C70-B450-7A9668CEB6DA}.Release|Any CPU.Build.0 = Release|Any CPU
		{0112F6CB-97B4-409E-AC2D-8EBD5DED74A4}.Debug|Any CPU.ActiveCfg = Debug|Any CPU
		{0112F6CB-97B4-409E-AC2D-8EBD5DED74A4}.Debug|Any CPU.Build.0 = Debug|Any CPU
		{0112F6CB-97B4-409E-AC2D-8EBD5DED74A4}.Release|Any CPU.ActiveCfg = Release|Any CPU
		{0112F6CB-97B4-409E-AC2D-8EBD5DED74A4}.Release|Any CPU.Build.0 = Release|Any CPU
		{15182D55-9341-4C72-89C1-0A4853CB508B}.Debug|Any CPU.ActiveCfg = Debug|Any CPU
		{15182D55-9341-4C72-89C1-0A4853CB508B}.Debug|Any CPU.Build.0 = Debug|Any CPU
		{15182D55-9341-4C72-89C1-0A4853CB508B}.Release|Any CPU.ActiveCfg = Release|Any CPU
		{15182D55-9341-4C72-89C1-0A4853CB508B}.Release|Any CPU.Build.0 = Release|Any CPU
		{0E1EC228-8E6A-4BB3-BC0E-30F3A44B043E}.Debug|Any CPU.ActiveCfg = Debug|Any CPU
		{0E1EC228-8E6A-4BB3-BC0E-30F3A44B043E}.Debug|Any CPU.Build.0 = Debug|Any CPU
		{0E1EC228-8E6A-4BB3-BC0E-30F3A44B043E}.Release|Any CPU.ActiveCfg = Release|Any CPU
		{0E1EC228-8E6A-4BB3-BC0E-30F3A44B043E}.Release|Any CPU.Build.0 = Release|Any CPU
		{C886E60C-FC45-4649-B68D-B6FD17D4B766}.Debug|Any CPU.ActiveCfg = Debug|Any CPU
		{C886E60C-FC45-4649-B68D-B6FD17D4B766}.Debug|Any CPU.Build.0 = Debug|Any CPU
		{C886E60C-FC45-4649-B68D-B6FD17D4B766}.Release|Any CPU.ActiveCfg = Release|Any CPU
		{C886E60C-FC45-4649-B68D-B6FD17D4B766}.Release|Any CPU.Build.0 = Release|Any CPU
		{940C0657-4E76-47E1-97CD-57656858C928}.Debug|Any CPU.ActiveCfg = Debug|Any CPU
		{940C0657-4E76-47E1-97CD-57656858C928}.Debug|Any CPU.Build.0 = Debug|Any CPU
		{940C0657-4E76-47E1-97CD-57656858C928}.Release|Any CPU.ActiveCfg = Release|Any CPU
		{940C0657-4E76-47E1-97CD-57656858C928}.Release|Any CPU.Build.0 = Release|Any CPU
		{4CE8D0B7-464A-408D-AAE7-FF7A510DC11F}.Debug|Any CPU.ActiveCfg = Debug|Any CPU
		{4CE8D0B7-464A-408D-AAE7-FF7A510DC11F}.Debug|Any CPU.Build.0 = Debug|Any CPU
		{4CE8D0B7-464A-408D-AAE7-FF7A510DC11F}.Release|Any CPU.ActiveCfg = Release|Any CPU
		{4CE8D0B7-464A-408D-AAE7-FF7A510DC11F}.Release|Any CPU.Build.0 = Release|Any CPU
		{C9412EA8-13E7-4D80-A910-5D8C9EA2C442}.Debug|Any CPU.ActiveCfg = Debug|Any CPU
		{C9412EA8-13E7-4D80-A910-5D8C9EA2C442}.Debug|Any CPU.Build.0 = Debug|Any CPU
		{C9412EA8-13E7-4D80-A910-5D8C9EA2C442}.Release|Any CPU.ActiveCfg = Release|Any CPU
		{C9412EA8-13E7-4D80-A910-5D8C9EA2C442}.Release|Any CPU.Build.0 = Release|Any CPU
		{6C7DC5A9-6A93-4A4F-A1BF-9CE6201AD1AF}.Debug|Any CPU.ActiveCfg = Debug|Any CPU
		{6C7DC5A9-6A93-4A4F-A1BF-9CE6201AD1AF}.Debug|Any CPU.Build.0 = Debug|Any CPU
		{6C7DC5A9-6A93-4A4F-A1BF-9CE6201AD1AF}.Release|Any CPU.ActiveCfg = Release|Any CPU
		{6C7DC5A9-6A93-4A4F-A1BF-9CE6201AD1AF}.Release|Any CPU.Build.0 = Release|Any CPU
		{D6AA7670-1EBD-4A55-85BC-391A2F386638}.Debug|Any CPU.ActiveCfg = Debug|Any CPU
		{D6AA7670-1EBD-4A55-85BC-391A2F386638}.Debug|Any CPU.Build.0 = Debug|Any CPU
		{D6AA7670-1EBD-4A55-85BC-391A2F386638}.Release|Any CPU.ActiveCfg = Release|Any CPU
		{D6AA7670-1EBD-4A55-85BC-391A2F386638}.Release|Any CPU.Build.0 = Release|Any CPU
		{36187CE3-427A-4CB0-99F8-4833BA9493D3}.Debug|Any CPU.ActiveCfg = Debug|Any CPU
		{36187CE3-427A-4CB0-99F8-4833BA9493D3}.Debug|Any CPU.Build.0 = Debug|Any CPU
		{36187CE3-427A-4CB0-99F8-4833BA9493D3}.Release|Any CPU.ActiveCfg = Release|Any CPU
		{36187CE3-427A-4CB0-99F8-4833BA9493D3}.Release|Any CPU.Build.0 = Release|Any CPU
		{7CB72E6B-3714-4BD5-9808-432DB093F3DF}.Debug|Any CPU.ActiveCfg = Debug|Any CPU
		{7CB72E6B-3714-4BD5-9808-432DB093F3DF}.Debug|Any CPU.Build.0 = Debug|Any CPU
		{7CB72E6B-3714-4BD5-9808-432DB093F3DF}.Release|Any CPU.ActiveCfg = Release|Any CPU
		{7CB72E6B-3714-4BD5-9808-432DB093F3DF}.Release|Any CPU.Build.0 = Release|Any CPU
		{ACD5137E-D32C-4C4F-A765-33D00BBB8DF4}.Debug|Any CPU.ActiveCfg = Debug|Any CPU
		{ACD5137E-D32C-4C4F-A765-33D00BBB8DF4}.Debug|Any CPU.Build.0 = Debug|Any CPU
		{ACD5137E-D32C-4C4F-A765-33D00BBB8DF4}.Release|Any CPU.ActiveCfg = Release|Any CPU
		{ACD5137E-D32C-4C4F-A765-33D00BBB8DF4}.Release|Any CPU.Build.0 = Release|Any CPU
		{E6FA3220-C139-4AD0-AFCD-71BBC98A7A46}.Debug|Any CPU.ActiveCfg = Debug|Any CPU
		{E6FA3220-C139-4AD0-AFCD-71BBC98A7A46}.Debug|Any CPU.Build.0 = Debug|Any CPU
		{E6FA3220-C139-4AD0-AFCD-71BBC98A7A46}.Release|Any CPU.ActiveCfg = Release|Any CPU
		{E6FA3220-C139-4AD0-AFCD-71BBC98A7A46}.Release|Any CPU.Build.0 = Release|Any CPU
		{0F2496A6-F4BD-42F3-8AE5-B0B3296701AC}.Debug|Any CPU.ActiveCfg = Debug|Any CPU
		{0F2496A6-F4BD-42F3-8AE5-B0B3296701AC}.Debug|Any CPU.Build.0 = Debug|Any CPU
		{0F2496A6-F4BD-42F3-8AE5-B0B3296701AC}.Release|Any CPU.ActiveCfg = Release|Any CPU
		{0F2496A6-F4BD-42F3-8AE5-B0B3296701AC}.Release|Any CPU.Build.0 = Release|Any CPU
		{D2DE8DB0-1F46-4913-8E21-2FD87833245D}.Debug|Any CPU.ActiveCfg = Debug|Any CPU
		{D2DE8DB0-1F46-4913-8E21-2FD87833245D}.Debug|Any CPU.Build.0 = Debug|Any CPU
		{D2DE8DB0-1F46-4913-8E21-2FD87833245D}.Release|Any CPU.ActiveCfg = Release|Any CPU
		{D2DE8DB0-1F46-4913-8E21-2FD87833245D}.Release|Any CPU.Build.0 = Release|Any CPU
		{1B063F8C-2547-4A57-9AED-BA836EB93EC9}.Debug|Any CPU.ActiveCfg = Debug|Any CPU
		{1B063F8C-2547-4A57-9AED-BA836EB93EC9}.Debug|Any CPU.Build.0 = Debug|Any CPU
		{1B063F8C-2547-4A57-9AED-BA836EB93EC9}.Release|Any CPU.ActiveCfg = Release|Any CPU
		{1B063F8C-2547-4A57-9AED-BA836EB93EC9}.Release|Any CPU.Build.0 = Release|Any CPU
		{D08E6990-D3D9-4905-BF19-9D4A0E720998}.Debug|Any CPU.ActiveCfg = Debug|Any CPU
		{D08E6990-D3D9-4905-BF19-9D4A0E720998}.Debug|Any CPU.Build.0 = Debug|Any CPU
		{D08E6990-D3D9-4905-BF19-9D4A0E720998}.Release|Any CPU.ActiveCfg = Release|Any CPU
		{D08E6990-D3D9-4905-BF19-9D4A0E720998}.Release|Any CPU.Build.0 = Release|Any CPU
		{D51652D9-BFB1-405C-971C-C09CAD585013}.Debug|Any CPU.ActiveCfg = Debug|Any CPU
		{D51652D9-BFB1-405C-971C-C09CAD585013}.Debug|Any CPU.Build.0 = Debug|Any CPU
		{D51652D9-BFB1-405C-971C-C09CAD585013}.Release|Any CPU.ActiveCfg = Release|Any CPU
		{D51652D9-BFB1-405C-971C-C09CAD585013}.Release|Any CPU.Build.0 = Release|Any CPU
		{D50BCCF9-A99C-45CE-8B29-B01483167C69}.Debug|Any CPU.ActiveCfg = Debug|Any CPU
		{D50BCCF9-A99C-45CE-8B29-B01483167C69}.Debug|Any CPU.Build.0 = Debug|Any CPU
		{D50BCCF9-A99C-45CE-8B29-B01483167C69}.Release|Any CPU.ActiveCfg = Release|Any CPU
		{D50BCCF9-A99C-45CE-8B29-B01483167C69}.Release|Any CPU.Build.0 = Release|Any CPU
	EndGlobalSection
	GlobalSection(SolutionProperties) = preSolution
		HideSolutionNode = FALSE
	EndGlobalSection
	GlobalSection(NestedProjects) = preSolution
		{D7F37111-B12C-4494-ACD9-5E6ED6DBC331} = {BCACE53B-68BF-43F4-9786-1EC264B300B9}
		{2E0F36AD-3253-4169-ADE6-63DFA037FAB5} = {BCACE53B-68BF-43F4-9786-1EC264B300B9}
		{837E4349-70D1-4C70-B450-7A9668CEB6DA} = {BCACE53B-68BF-43F4-9786-1EC264B300B9}
		{0112F6CB-97B4-409E-AC2D-8EBD5DED74A4} = {BCACE53B-68BF-43F4-9786-1EC264B300B9}
		{15182D55-9341-4C72-89C1-0A4853CB508B} = {BCACE53B-68BF-43F4-9786-1EC264B300B9}
		{0E1EC228-8E6A-4BB3-BC0E-30F3A44B043E} = {BCACE53B-68BF-43F4-9786-1EC264B300B9}
		{C886E60C-FC45-4649-B68D-B6FD17D4B766} = {BCACE53B-68BF-43F4-9786-1EC264B300B9}
		{940C0657-4E76-47E1-97CD-57656858C928} = {BCACE53B-68BF-43F4-9786-1EC264B300B9}
		{4CE8D0B7-464A-408D-AAE7-FF7A510DC11F} = {BCACE53B-68BF-43F4-9786-1EC264B300B9}
		{C9412EA8-13E7-4D80-A910-5D8C9EA2C442} = {BCACE53B-68BF-43F4-9786-1EC264B300B9}
		{6C7DC5A9-6A93-4A4F-A1BF-9CE6201AD1AF} = {BCACE53B-68BF-43F4-9786-1EC264B300B9}
		{D6AA7670-1EBD-4A55-85BC-391A2F386638} = {BCACE53B-68BF-43F4-9786-1EC264B300B9}
		{36187CE3-427A-4CB0-99F8-4833BA9493D3} = {BCACE53B-68BF-43F4-9786-1EC264B300B9}
		{7CB72E6B-3714-4BD5-9808-432DB093F3DF} = {BCACE53B-68BF-43F4-9786-1EC264B300B9}
		{ACD5137E-D32C-4C4F-A765-33D00BBB8DF4} = {BCACE53B-68BF-43F4-9786-1EC264B300B9}
		{E6FA3220-C139-4AD0-AFCD-71BBC98A7A46} = {BCACE53B-68BF-43F4-9786-1EC264B300B9}
		{0F2496A6-F4BD-42F3-8AE5-B0B3296701AC} = {BCACE53B-68BF-43F4-9786-1EC264B300B9}
		{D2DE8DB0-1F46-4913-8E21-2FD87833245D} = {BCACE53B-68BF-43F4-9786-1EC264B300B9}
		{1B063F8C-2547-4A57-9AED-BA836EB93EC9} = {BCACE53B-68BF-43F4-9786-1EC264B300B9}
		{D08E6990-D3D9-4905-BF19-9D4A0E720998} = {BCACE53B-68BF-43F4-9786-1EC264B300B9}
		{D51652D9-BFB1-405C-971C-C09CAD585013} = {BCACE53B-68BF-43F4-9786-1EC264B300B9}
		{D50BCCF9-A99C-45CE-8B29-B01483167C69} = {BCACE53B-68BF-43F4-9786-1EC264B300B9}
	EndGlobalSection
	GlobalSection(ExtensibilityGlobals) = postSolution
		SolutionGuid = {3F02A82F-8292-4401-BF3B-9E5BF742799C}
	EndGlobalSection
EndGlobal
